<Solution>
  <Project Path="CookRecipesApp.API/CookRecipesApp.API.csproj" Id="198bdfbb-34a5-4bf4-afc8-d2682a0de180" />
  <Project Path="CookRecipesApp.Shared/CookRecipesApp.Shared.csproj" Id="86c7b404-0687-41b5-bb3f-35f0874618e9" />
  <Project Path="CookRecipesApp/CookRecipesApp.csproj">
    <Deploy Solution="Debug|*" />
  </Project>
</Solution>
